
Microsoft Visual Studio Solution File, Format Version 12.00
# Visual Studio Version 16
VisualStudioVersion = 16.0.30907.101
MinimumVisualStudioVersion = 10.0.40219.1
Project("{FAE04EC0-301F-11D3-BF4B-00C04F79EFBC}") = "WebAPI", "WebAPI\WebAPI.csproj", "{7514D798-8804-4A70-BED0-AE81D84346DC}"
EndProject
Global
	GlobalSection(SolutionConfigurationPlatforms) = preSolution
		Debug|Any CPU = Debug|Any CPU
		Release|Any CPU = Release|Any CPU
	EndGlobalSection
	GlobalSection(ProjectConfigurationPlatforms) = postSolution
		{7514D798-8804-4A70-BED0-AE81D84346DC}.Debug|Any CPU.ActiveCfg = Debug|Any CPU
		{7514D798-8804-4A70-BED0-AE81D84346DC}.Debug|Any CPU.Build.0 = Debug|Any CPU
		{7514D798-8804-4A70-BED0-AE81D84346DC}.Release|Any CPU.ActiveCfg = Release|Any CPU
		{7514D798-8804-4A70-BED0-AE81D84346DC}.Release|Any CPU.Build.0 = Release|Any CPU
	EndGlobalSection
	GlobalSection(SolutionProperties) = preSolution
		HideSolutionNode = FALSE
	EndGlobalSection
	GlobalSection(ExtensibilityGlobals) = postSolution
		SolutionGuid = {C760E8B1-2F4F-490B-A24D-F84D51A2DD32}
	EndGlobalSection
EndGlobal
